PODS:
  - Masonry (1.1.0)
  - SDWebImage (4.4.1):
    - SDWebImage/Core (= 4.4.1)
  - SDWebImage/Core (4.4.1)
  - YYCache (1.0.4)
  - YYModel (1.0.4)

DEPENDENCIES:
  - Masonry
  - SDWebImage
  - YYCache
  - YYModel

SPEC REPOS:
  https://github.com/CocoaPods/Specs.git:
    - Masonry
    - SDWebImage
    - YYCache
    - YYModel

SPEC CHECKSUMS:
  Masonry: 678fab65091a9290e40e2832a55e7ab731aad201
  SDWebImage: 47e9b5b925cbce75946c23f0c42dd19464189af4
  YYCache: 8105b6638f5e849296c71f331ff83891a4942952
  YYModel: 2a7fdd96aaa4b86a824e26d0c517de8928c04b30

PODFILE CHECKSUM: fd00c2a0f5dbd5b7c921f88cb18127d55963f9f8

COCOAPODS: 1.5.0
