// !$*UTF8*$!
{
	archiveVersion = 1;
	classes = {
	};
	objectVersion = 48;
	objects = {

/* Begin PBXBuildFile section */
		0406C5D020565F9D00C91098 /* UIImage+ClipVIew.m in Sources */ = {isa = PBXBuildFile; fileRef = 0406C5CF20565F9D00C91098 /* UIImage+ClipVIew.m */; };
		040C9410209C747D00A40C22 /* UIImage+CutImage.m in Sources */ = {isa = PBXBuildFile; fileRef = 040C940F209C747D00A40C22 /* UIImage+CutImage.m */; };
		042C1766201EC7EB006D1539 /* ItemCell.m in Sources */ = {isa = PBXBuildFile; fileRef = 042C1765201EC7EB006D1539 /* ItemCell.m */; };
		042E81C9200D933700AB47AB /* AppDelegate.m in Sources */ = {isa = PBXBuildFile; fileRef = 042E81C8200D933700AB47AB /* AppDelegate.m */; };
		042E81CC200D933700AB47AB /* PhotoViewController.m in Sources */ = {isa = PBXBuildFile; fileRef = 042E81CB200D933700AB47AB /* PhotoViewController.m */; };
		042E81D1200D933700AB47AB /* Assets.xcassets in Resources */ = {isa = PBXBuildFile; fileRef = 042E81D0200D933700AB47AB /* Assets.xcassets */; };
		042E81D7200D933700AB47AB /* main.m in Sources */ = {isa = PBXBuildFile; fileRef = 042E81D6200D933700AB47AB /* main.m */; };
		042E81E1200D933700AB47AB /* TestDemoTests.m in Sources */ = {isa = PBXBuildFile; fileRef = 042E81E0200D933700AB47AB /* TestDemoTests.m */; };
		042E81EC200D933700AB47AB /* TestDemoUITests.m in Sources */ = {isa = PBXBuildFile; fileRef = 042E81EB200D933700AB47AB /* TestDemoUITests.m */; };
		042E81FB200D969300AB47AB /* MediaPlayer.framework in Frameworks */ = {isa = PBXBuildFile; fileRef = 042E81FA200D969300AB47AB /* MediaPlayer.framework */; };
		042F63CD20764002005A9EF7 /* MultiThreads.m in Sources */ = {isa = PBXBuildFile; fileRef = 042F63CC20764002005A9EF7 /* MultiThreads.m */; };
		043FA85D20A98296004274B5 /* ImageCell.m in Sources */ = {isa = PBXBuildFile; fileRef = 043FA85C20A98296004274B5 /* ImageCell.m */; };
		043FA86020A98346004274B5 /* TestImageCellViewController.m in Sources */ = {isa = PBXBuildFile; fileRef = 043FA85F20A98346004274B5 /* TestImageCellViewController.m */; };
		043FA86220A984B7004274B5 /* 1.plist in Resources */ = {isa = PBXBuildFile; fileRef = 043FA86120A984B7004274B5 /* 1.plist */; };
		043FA86520A9853B004274B5 /* ImageModel.m in Sources */ = {isa = PBXBuildFile; fileRef = 043FA86420A9853B004274B5 /* ImageModel.m */; };
		04489E60206E420E00F9300A /* BreakPointDownLoad.m in Sources */ = {isa = PBXBuildFile; fileRef = 04489E5F206E420E00F9300A /* BreakPointDownLoad.m */; };
		045158892011D2F7001E37C8 /* UIView+ClipView.m in Sources */ = {isa = PBXBuildFile; fileRef = 045158882011D2F7001E37C8 /* UIView+ClipView.m */; };
		045588282079C8200052D9B8 /* KVCKVOTheoryViewController.m in Sources */ = {isa = PBXBuildFile; fileRef = 045588272079C8200052D9B8 /* KVCKVOTheoryViewController.m */; };
		0455882E2079CD200052D9B8 /* Stuff.m in Sources */ = {isa = PBXBuildFile; fileRef = 0455882D2079CD200052D9B8 /* Stuff.m */; };
		04A4E67B20186D78000F6370 /* AssetViewController.m in Sources */ = {isa = PBXBuildFile; fileRef = 04A4E67A20186D78000F6370 /* AssetViewController.m */; };
		04A4E67E20186EDD000F6370 /* AssetCell.m in Sources */ = {isa = PBXBuildFile; fileRef = 04A4E67D20186EDD000F6370 /* AssetCell.m */; };
		04A4E6812018A34F000F6370 /* AssetImageManager.m in Sources */ = {isa = PBXBuildFile; fileRef = 04A4E6802018A34F000F6370 /* AssetImageManager.m */; };
		04A4E68420196C63000F6370 /* AssetModel.m in Sources */ = {isa = PBXBuildFile; fileRef = 04A4E68320196C63000F6370 /* AssetModel.m */; };
		04A4E6872019C3B6000F6370 /* PreviewViewController.m in Sources */ = {isa = PBXBuildFile; fileRef = 04A4E6862019C3B6000F6370 /* PreviewViewController.m */; };
		04A6D359206CF222005A531B /* EXLNeededTabeleView.m in Sources */ = {isa = PBXBuildFile; fileRef = 04A6D357206CF221005A531B /* EXLNeededTabeleView.m */; };
		04A6D35D206CF85C005A531B /* UIView+Addition.m in Sources */ = {isa = PBXBuildFile; fileRef = 04A6D35C206CF85C005A531B /* UIView+Addition.m */; };
		04B92FE0206A28B200FECA45 /* SortAlgorithm.m in Sources */ = {isa = PBXBuildFile; fileRef = 04B92FDF206A28B200FECA45 /* SortAlgorithm.m */; };
		04BB141120AD95E00070A57D /* SortAlgorithm.cpp in Sources */ = {isa = PBXBuildFile; fileRef = 04BB141020AD95E00070A57D /* SortAlgorithm.cpp */; };
		04C00D712078D745000EA706 /* BlockAndPointer.m in Sources */ = {isa = PBXBuildFile; fileRef = 04C00D702078D745000EA706 /* BlockAndPointer.m */; };
		04C00D742078E1EE000EA706 /* BlockAndPointerViewController.m in Sources */ = {isa = PBXBuildFile; fileRef = 04C00D732078E1EE000EA706 /* BlockAndPointerViewController.m */; };
		04C00D772078E1FF000EA706 /* MultiThreadsViewController.m in Sources */ = {isa = PBXBuildFile; fileRef = 04C00D762078E1FF000EA706 /* MultiThreadsViewController.m */; };
		04C00D7A2078E21D000EA706 /* SortAlgorithmViewController.m in Sources */ = {isa = PBXBuildFile; fileRef = 04C00D792078E21D000EA706 /* SortAlgorithmViewController.m */; };
		04C55B212064E85A00571715 /* Person.m in Sources */ = {isa = PBXBuildFile; fileRef = 04C55B202064E85A00571715 /* Person.m */; };
		04C55B242064ED9900571715 /* Bird.m in Sources */ = {isa = PBXBuildFile; fileRef = 04C55B232064ED9900571715 /* Bird.m */; };
		04C55B272064EDB700571715 /* Monkey.m in Sources */ = {isa = PBXBuildFile; fileRef = 04C55B262064EDB700571715 /* Monkey.m */; };
		04C55B382065096800571715 /* Father.m in Sources */ = {isa = PBXBuildFile; fileRef = 04C55B372065096800571715 /* Father.m */; };
		04C55B3B20650A9300571715 /* Son.m in Sources */ = {isa = PBXBuildFile; fileRef = 04C55B3A20650A9300571715 /* Son.m */; };
		04C55B3E20650B6400571715 /* Father+category.m in Sources */ = {isa = PBXBuildFile; fileRef = 04C55B3D20650B6400571715 /* Father+category.m */; };
		04C55B4120650C6800571715 /* Son+category.m in Sources */ = {isa = PBXBuildFile; fileRef = 04C55B4020650C6800571715 /* Son+category.m */; };
		04C9FCBD2078F84A00EE8DB6 /* ARCAndMRCViewController.m in Sources */ = {isa = PBXBuildFile; fileRef = 04C9FCBC2078F84A00EE8DB6 /* ARCAndMRCViewController.m */; };
		04C9FCC12078F8DA00EE8DB6 /* HeightLevelCornerViewController.m in Sources */ = {isa = PBXBuildFile; fileRef = 04C9FCC02078F8DA00EE8DB6 /* HeightLevelCornerViewController.m */; };
		04C9FCC52078F9A900EE8DB6 /* MainViewController.m in Sources */ = {isa = PBXBuildFile; fileRef = 04C9FCC42078F9A900EE8DB6 /* MainViewController.m */; };
		04C9FCC82078FACD00EE8DB6 /* MainModel.m in Sources */ = {isa = PBXBuildFile; fileRef = 04C9FCC72078FACD00EE8DB6 /* MainModel.m */; };
		04E0EC2A207CA77D00D38A5D /* TouchViewController.m in Sources */ = {isa = PBXBuildFile; fileRef = 04E0EC29207CA77D00D38A5D /* TouchViewController.m */; };
		04E0EC2D207CA87300D38A5D /* CustomView.m in Sources */ = {isa = PBXBuildFile; fileRef = 04E0EC2C207CA87300D38A5D /* CustomView.m */; };
		04E0EC30207CAC9E00D38A5D /* SubView.m in Sources */ = {isa = PBXBuildFile; fileRef = 04E0EC2F207CAC9E00D38A5D /* SubView.m */; };
		04F325422052DBD000BB884B /* UIViewController+viewdidload.m in Sources */ = {isa = PBXBuildFile; fileRef = 04F325412052DBCF00BB884B /* UIViewController+viewdidload.m */; };
		04F72A4A2092C47E00BF9395 /* RunloopViewController.m in Sources */ = {isa = PBXBuildFile; fileRef = 04F72A492092C47E00BF9395 /* RunloopViewController.m */; };
		309A92F81F799A3E0A0E52CF /* libPods-TestDemo.a in Frameworks */ = {isa = PBXBuildFile; fileRef = 75AC9A9F141723CCAE10F14A /* libPods-TestDemo.a */; };
/* End PBXBuildFile section */

/* Begin PBXContainerItemProxy section */
		042E81DD200D933700AB47AB /* PBXContainerItemProxy */ = {
			isa = PBXContainerItemProxy;
			containerPortal = 042E81BC200D933700AB47AB /* Project object */;
			proxyType = 1;
			remoteGlobalIDString = 042E81C3200D933700AB47AB;
			remoteInfo = TestDemo;
		};
		042E81E8200D933700AB47AB /* PBXContainerItemProxy */ = {
			isa = PBXContainerItemProxy;
			containerPortal = 042E81BC200D933700AB47AB /* Project object */;
			proxyType = 1;
			remoteGlobalIDString = 042E81C3200D933700AB47AB;
			remoteInfo = TestDemo;
		};
/* End PBXContainerItemProxy section */

/* Begin PBXFileReference section */
		0406C5CE20565F9D00C91098 /* UIImage+ClipVIew.h */ = {isa = PBXFileReference; lastKnownFileType = sourcecode.c.h; path = "UIImage+ClipVIew.h"; sourceTree = "<group>"; };
		0406C5CF20565F9D00C91098 /* UIImage+ClipVIew.m */ = {isa = PBXFileReference; lastKnownFileType = sourcecode.c.objc; path = "UIImage+ClipVIew.m"; sourceTree = "<group>"; };
		040C940E209C747D00A40C22 /* UIImage+CutImage.h */ = {isa = PBXFileReference; lastKnownFileType = sourcecode.c.h; path = "UIImage+CutImage.h"; sourceTree = "<group>"; };
		040C940F209C747D00A40C22 /* UIImage+CutImage.m */ = {isa = PBXFileReference; lastKnownFileType = sourcecode.c.objc; path = "UIImage+CutImage.m"; sourceTree = "<group>"; };
		042C1764201EC7EB006D1539 /* ItemCell.h */ = {isa = PBXFileReference; lastKnownFileType = sourcecode.c.h; path = ItemCell.h; sourceTree = "<group>"; };
		042C1765201EC7EB006D1539 /* ItemCell.m */ = {isa = PBXFileReference; lastKnownFileType = sourcecode.c.objc; path = ItemCell.m; sourceTree = "<group>"; };
		042E81C4200D933700AB47AB /* TestDemo.app */ = {isa = PBXFileReference; explicitFileType = wrapper.application; includeInIndex = 0; path = TestDemo.app; sourceTree = BUILT_PRODUCTS_DIR; };
		042E81C7200D933700AB47AB /* AppDelegate.h */ = {isa = PBXFileReference; lastKnownFileType = sourcecode.c.h; path = AppDelegate.h; sourceTree = "<group>"; };
		042E81C8200D933700AB47AB /* AppDelegate.m */ = {isa = PBXFileReference; lastKnownFileType = sourcecode.c.objc; path = AppDelegate.m; sourceTree = "<group>"; };
		042E81CA200D933700AB47AB /* PhotoViewController.h */ = {isa = PBXFileReference; lastKnownFileType = sourcecode.c.h; path = PhotoViewController.h; sourceTree = "<group>"; };
		042E81CB200D933700AB47AB /* PhotoViewController.m */ = {isa = PBXFileReference; lastKnownFileType = sourcecode.c.objc; path = PhotoViewController.m; sourceTree = "<group>"; };
		042E81D0200D933700AB47AB /* Assets.xcassets */ = {isa = PBXFileReference; lastKnownFileType = folder.assetcatalog; path = Assets.xcassets; sourceTree = "<group>"; };
		042E81D5200D933700AB47AB /* Info.plist */ = {isa = PBXFileReference; lastKnownFileType = text.plist.xml; path = Info.plist; sourceTree = "<group>"; };
		042E81D6200D933700AB47AB /* main.m */ = {isa = PBXFileReference; lastKnownFileType = sourcecode.c.objc; path = main.m; sourceTree = "<group>"; };
		042E81DC200D933700AB47AB /* TestDemoTests.xctest */ = {isa = PBXFileReference; explicitFileType = wrapper.cfbundle; includeInIndex = 0; path = TestDemoTests.xctest; sourceTree = BUILT_PRODUCTS_DIR; };
		042E81E0200D933700AB47AB /* TestDemoTests.m */ = {isa = PBXFileReference; lastKnownFileType = sourcecode.c.objc; path = TestDemoTests.m; sourceTree = "<group>"; };
		042E81E2200D933700AB47AB /* Info.plist */ = {isa = PBXFileReference; lastKnownFileType = text.plist.xml; path = Info.plist; sourceTree = "<group>"; };
		042E81E7200D933700AB47AB /* TestDemoUITests.xctest */ = {isa = PBXFileReference; explicitFileType = wrapper.cfbundle; includeInIndex = 0; path = TestDemoUITests.xctest; sourceTree = BUILT_PRODUCTS_DIR; };
		042E81EB200D933700AB47AB /* TestDemoUITests.m */ = {isa = PBXFileReference; lastKnownFileType = sourcecode.c.objc; path = TestDemoUITests.m; sourceTree = "<group>"; };
		042E81ED200D933700AB47AB /* Info.plist */ = {isa = PBXFileReference; lastKnownFileType = text.plist.xml; path = Info.plist; sourceTree = "<group>"; };
		042E81FA200D969300AB47AB /* MediaPlayer.framework */ = {isa = PBXFileReference; lastKnownFileType = wrapper.framework; name = MediaPlayer.framework; path = System/Library/Frameworks/MediaPlayer.framework; sourceTree = SDKROOT; };
		042F63CB20764002005A9EF7 /* MultiThreads.h */ = {isa = PBXFileReference; lastKnownFileType = sourcecode.c.h; path = MultiThreads.h; sourceTree = "<group>"; };
		042F63CC20764002005A9EF7 /* MultiThreads.m */ = {isa = PBXFileReference; lastKnownFileType = sourcecode.c.objc; path = MultiThreads.m; sourceTree = "<group>"; };
		043FA85B20A98296004274B5 /* ImageCell.h */ = {isa = PBXFileReference; lastKnownFileType = sourcecode.c.h; path = ImageCell.h; sourceTree = "<group>"; };
		043FA85C20A98296004274B5 /* ImageCell.m */ = {isa = PBXFileReference; lastKnownFileType = sourcecode.c.objc; path = ImageCell.m; sourceTree = "<group>"; };
		043FA85E20A98346004274B5 /* TestImageCellViewController.h */ = {isa = PBXFileReference; lastKnownFileType = sourcecode.c.h; path = TestImageCellViewController.h; sourceTree = "<group>"; };
		043FA85F20A98346004274B5 /* TestImageCellViewController.m */ = {isa = PBXFileReference; lastKnownFileType = sourcecode.c.objc; path = TestImageCellViewController.m; sourceTree = "<group>"; };
		043FA86120A984B7004274B5 /* 1.plist */ = {isa = PBXFileReference; fileEncoding = 4; lastKnownFileType = text.plist.xml; path = 1.plist; sourceTree = "<group>"; };
		043FA86320A9853B004274B5 /* ImageModel.h */ = {isa = PBXFileReference; lastKnownFileType = sourcecode.c.h; path = ImageModel.h; sourceTree = "<group>"; };
		043FA86420A9853B004274B5 /* ImageModel.m */ = {isa = PBXFileReference; lastKnownFileType = sourcecode.c.objc; path = ImageModel.m; sourceTree = "<group>"; };
		04489E5E206E420E00F9300A /* BreakPointDownLoad.h */ = {isa = PBXFileReference; lastKnownFileType = sourcecode.c.h; path = BreakPointDownLoad.h; sourceTree = "<group>"; };
		04489E5F206E420E00F9300A /* BreakPointDownLoad.m */ = {isa = PBXFileReference; lastKnownFileType = sourcecode.c.objc; path = BreakPointDownLoad.m; sourceTree = "<group>"; };
		045158872011D2F7001E37C8 /* UIView+ClipView.h */ = {isa = PBXFileReference; lastKnownFileType = sourcecode.c.h; path = "UIView+ClipView.h"; sourceTree = "<group>"; };
		045158882011D2F7001E37C8 /* UIView+ClipView.m */ = {isa = PBXFileReference; lastKnownFileType = sourcecode.c.objc; path = "UIView+ClipView.m"; sourceTree = "<group>"; };
		045588262079C8200052D9B8 /* KVCKVOTheoryViewController.h */ = {isa = PBXFileReference; lastKnownFileType = sourcecode.c.h; path = KVCKVOTheoryViewController.h; sourceTree = "<group>"; };
		045588272079C8200052D9B8 /* KVCKVOTheoryViewController.m */ = {isa = PBXFileReference; lastKnownFileType = sourcecode.c.objc; path = KVCKVOTheoryViewController.m; sourceTree = "<group>"; };
		0455882C2079CD200052D9B8 /* Stuff.h */ = {isa = PBXFileReference; lastKnownFileType = sourcecode.c.h; path = Stuff.h; sourceTree = "<group>"; };
		0455882D2079CD200052D9B8 /* Stuff.m */ = {isa = PBXFileReference; lastKnownFileType = sourcecode.c.objc; path = Stuff.m; sourceTree = "<group>"; };
		04A4E67920186D78000F6370 /* AssetViewController.h */ = {isa = PBXFileReference; lastKnownFileType = sourcecode.c.h; path = AssetViewController.h; sourceTree = "<group>"; };
		04A4E67A20186D78000F6370 /* AssetViewController.m */ = {isa = PBXFileReference; lastKnownFileType = sourcecode.c.objc; path = AssetViewController.m; sourceTree = "<group>"; };
		04A4E67C20186EDD000F6370 /* AssetCell.h */ = {isa = PBXFileReference; lastKnownFileType = sourcecode.c.h; path = AssetCell.h; sourceTree = "<group>"; };
		04A4E67D20186EDD000F6370 /* AssetCell.m */ = {isa = PBXFileReference; lastKnownFileType = sourcecode.c.objc; path = AssetCell.m; sourceTree = "<group>"; };
		04A4E67F2018A34F000F6370 /* AssetImageManager.h */ = {isa = PBXFileReference; lastKnownFileType = sourcecode.c.h; path = AssetImageManager.h; sourceTree = "<group>"; };
		04A4E6802018A34F000F6370 /* AssetImageManager.m */ = {isa = PBXFileReference; lastKnownFileType = sourcecode.c.objc; path = AssetImageManager.m; sourceTree = "<group>"; };
		04A4E68220196C63000F6370 /* AssetModel.h */ = {isa = PBXFileReference; lastKnownFileType = sourcecode.c.h; path = AssetModel.h; sourceTree = "<group>"; };
		04A4E68320196C63000F6370 /* AssetModel.m */ = {isa = PBXFileReference; lastKnownFileType = sourcecode.c.objc; path = AssetModel.m; sourceTree = "<group>"; };
		04A4E6852019C3B6000F6370 /* PreviewViewController.h */ = {isa = PBXFileReference; lastKnownFileType = sourcecode.c.h; path = PreviewViewController.h; sourceTree = "<group>"; };
		04A4E6862019C3B6000F6370 /* PreviewViewController.m */ = {isa = PBXFileReference; lastKnownFileType = sourcecode.c.objc; path = PreviewViewController.m; sourceTree = "<group>"; };
		04A6D357206CF221005A531B /* EXLNeededTabeleView.m */ = {isa = PBXFileReference; fileEncoding = 4; lastKnownFileType = sourcecode.c.objc; path = EXLNeededTabeleView.m; sourceTree = "<group>"; };
		04A6D358206CF221005A531B /* EXLNeededTabeleView.h */ = {isa = PBXFileReference; fileEncoding = 4; lastKnownFileType = sourcecode.c.h; path = EXLNeededTabeleView.h; sourceTree = "<group>"; };
		04A6D35B206CF85C005A531B /* UIView+Addition.h */ = {isa = PBXFileReference; lastKnownFileType = sourcecode.c.h; path = "UIView+Addition.h"; sourceTree = "<group>"; };
		04A6D35C206CF85C005A531B /* UIView+Addition.m */ = {isa = PBXFileReference; lastKnownFileType = sourcecode.c.objc; path = "UIView+Addition.m"; sourceTree = "<group>"; };
		04A6D35E206CF887005A531B /* PrefixHeader.pch */ = {isa = PBXFileReference; lastKnownFileType = sourcecode.c.h; path = PrefixHeader.pch; sourceTree = "<group>"; };
		04B92FDE206A28B200FECA45 /* SortAlgorithm.h */ = {isa = PBXFileReference; lastKnownFileType = sourcecode.c.h; path = SortAlgorithm.h; sourceTree = "<group>"; };
		04B92FDF206A28B200FECA45 /* SortAlgorithm.m */ = {isa = PBXFileReference; lastKnownFileType = sourcecode.c.objc; path = SortAlgorithm.m; sourceTree = "<group>"; };
		04BB141020AD95E00070A57D /* SortAlgorithm.cpp */ = {isa = PBXFileReference; lastKnownFileType = sourcecode.cpp.cpp; path = SortAlgorithm.cpp; sourceTree = "<group>"; };
		04C00D6F2078D745000EA706 /* BlockAndPointer.h */ = {isa = PBXFileReference; lastKnownFileType = sourcecode.c.h; path = BlockAndPointer.h; sourceTree = "<group>"; };
		04C00D702078D745000EA706 /* BlockAndPointer.m */ = {isa = PBXFileReference; lastKnownFileType = sourcecode.c.objc; path = BlockAndPointer.m; sourceTree = "<group>"; };
		04C00D722078E1EE000EA706 /* BlockAndPointerViewController.h */ = {isa = PBXFileReference; lastKnownFileType = sourcecode.c.h; path = BlockAndPointerViewController.h; sourceTree = "<group>"; };
		04C00D732078E1EE000EA706 /* BlockAndPointerViewController.m */ = {isa = PBXFileReference; lastKnownFileType = sourcecode.c.objc; path = BlockAndPointerViewController.m; sourceTree = "<group>"; };
		04C00D752078E1FF000EA706 /* MultiThreadsViewController.h */ = {isa = PBXFileReference; lastKnownFileType = sourcecode.c.h; path = MultiThreadsViewController.h; sourceTree = "<group>"; };
		04C00D762078E1FF000EA706 /* MultiThreadsViewController.m */ = {isa = PBXFileReference; lastKnownFileType = sourcecode.c.objc; path = MultiThreadsViewController.m; sourceTree = "<group>"; };
		04C00D782078E21D000EA706 /* SortAlgorithmViewController.h */ = {isa = PBXFileReference; lastKnownFileType = sourcecode.c.h; path = SortAlgorithmViewController.h; sourceTree = "<group>"; };
		04C00D792078E21D000EA706 /* SortAlgorithmViewController.m */ = {isa = PBXFileReference; lastKnownFileType = sourcecode.c.objc; path = SortAlgorithmViewController.m; sourceTree = "<group>"; };
		04C55B1F2064E85A00571715 /* Person.h */ = {isa = PBXFileReference; lastKnownFileType = sourcecode.c.h; path = Person.h; sourceTree = "<group>"; };
		04C55B202064E85A00571715 /* Person.m */ = {isa = PBXFileReference; lastKnownFileType = sourcecode.c.objc; path = Person.m; sourceTree = "<group>"; };
		04C55B222064ED9900571715 /* Bird.h */ = {isa = PBXFileReference; lastKnownFileType = sourcecode.c.h; path = Bird.h; sourceTree = "<group>"; };
		04C55B232064ED9900571715 /* Bird.m */ = {isa = PBXFileReference; lastKnownFileType = sourcecode.c.objc; path = Bird.m; sourceTree = "<group>"; };
		04C55B252064EDB700571715 /* Monkey.h */ = {isa = PBXFileReference; lastKnownFileType = sourcecode.c.h; path = Monkey.h; sourceTree = "<group>"; };
		04C55B262064EDB700571715 /* Monkey.m */ = {isa = PBXFileReference; lastKnownFileType = sourcecode.c.objc; path = Monkey.m; sourceTree = "<group>"; };
		04C55B362065096800571715 /* Father.h */ = {isa = PBXFileReference; lastKnownFileType = sourcecode.c.h; path = Father.h; sourceTree = "<group>"; };
		04C55B372065096800571715 /* Father.m */ = {isa = PBXFileReference; lastKnownFileType = sourcecode.c.objc; path = Father.m; sourceTree = "<group>"; };
		04C55B3920650A9300571715 /* Son.h */ = {isa = PBXFileReference; lastKnownFileType = sourcecode.c.h; path = Son.h; sourceTree = "<group>"; };
		04C55B3A20650A9300571715 /* Son.m */ = {isa = PBXFileReference; lastKnownFileType = sourcecode.c.objc; path = Son.m; sourceTree = "<group>"; };
		04C55B3C20650B6400571715 /* Father+category.h */ = {isa = PBXFileReference; lastKnownFileType = sourcecode.c.h; path = "Father+category.h"; sourceTree = "<group>"; };
		04C55B3D20650B6400571715 /* Father+category.m */ = {isa = PBXFileReference; lastKnownFileType = sourcecode.c.objc; path = "Father+category.m"; sourceTree = "<group>"; };
		04C55B3F20650C6800571715 /* Son+category.h */ = {isa = PBXFileReference; lastKnownFileType = sourcecode.c.h; path = "Son+category.h"; sourceTree = "<group>"; };
		04C55B4020650C6800571715 /* Son+category.m */ = {isa = PBXFileReference; lastKnownFileType = sourcecode.c.objc; path = "Son+category.m"; sourceTree = "<group>"; };
		04C9FCBB2078F84A00EE8DB6 /* ARCAndMRCViewController.h */ = {isa = PBXFileReference; lastKnownFileType = sourcecode.c.h; path = ARCAndMRCViewController.h; sourceTree = "<group>"; };
		04C9FCBC2078F84A00EE8DB6 /* ARCAndMRCViewController.m */ = {isa = PBXFileReference; lastKnownFileType = sourcecode.c.objc; path = ARCAndMRCViewController.m; sourceTree = "<group>"; };
		04C9FCBF2078F8DA00EE8DB6 /* HeightLevelCornerViewController.h */ = {isa = PBXFileReference; lastKnownFileType = sourcecode.c.h; path = HeightLevelCornerViewController.h; sourceTree = "<group>"; };
		04C9FCC02078F8DA00EE8DB6 /* HeightLevelCornerViewController.m */ = {isa = PBXFileReference; lastKnownFileType = sourcecode.c.objc; path = HeightLevelCornerViewController.m; sourceTree = "<group>"; };
		04C9FCC32078F9A900EE8DB6 /* MainViewController.h */ = {isa = PBXFileReference; lastKnownFileType = sourcecode.c.h; path = MainViewController.h; sourceTree = "<group>"; };
		04C9FCC42078F9A900EE8DB6 /* MainViewController.m */ = {isa = PBXFileReference; lastKnownFileType = sourcecode.c.objc; path = MainViewController.m; sourceTree = "<group>"; };
		04C9FCC62078FACD00EE8DB6 /* MainModel.h */ = {isa = PBXFileReference; lastKnownFileType = sourcecode.c.h; path = MainModel.h; sourceTree = "<group>"; };
		04C9FCC72078FACD00EE8DB6 /* MainModel.m */ = {isa = PBXFileReference; lastKnownFileType = sourcecode.c.objc; path = MainModel.m; sourceTree = "<group>"; };
		04E0EC28207CA77D00D38A5D /* TouchViewController.h */ = {isa = PBXFileReference; lastKnownFileType = sourcecode.c.h; path = TouchViewController.h; sourceTree = "<group>"; };
		04E0EC29207CA77D00D38A5D /* TouchViewController.m */ = {isa = PBXFileReference; lastKnownFileType = sourcecode.c.objc; path = TouchViewController.m; sourceTree = "<group>"; };
		04E0EC2B207CA87300D38A5D /* CustomView.h */ = {isa = PBXFileReference; lastKnownFileType = sourcecode.c.h; path = CustomView.h; sourceTree = "<group>"; };
		04E0EC2C207CA87300D38A5D /* CustomView.m */ = {isa = PBXFileReference; lastKnownFileType = sourcecode.c.objc; path = CustomView.m; sourceTree = "<group>"; };
		04E0EC2E207CAC9E00D38A5D /* SubView.h */ = {isa = PBXFileReference; lastKnownFileType = sourcecode.c.h; path = SubView.h; sourceTree = "<group>"; };
		04E0EC2F207CAC9E00D38A5D /* SubView.m */ = {isa = PBXFileReference; lastKnownFileType = sourcecode.c.objc; path = SubView.m; sourceTree = "<group>"; };
		04F325402052DBCF00BB884B /* UIViewController+viewdidload.h */ = {isa = PBXFileReference; fileEncoding = 4; lastKnownFileType = sourcecode.c.h; path = "UIViewController+viewdidload.h"; sourceTree = "<group>"; };
		04F325412052DBCF00BB884B /* UIViewController+viewdidload.m */ = {isa = PBXFileReference; fileEncoding = 4; lastKnownFileType = sourcecode.c.objc; path = "UIViewController+viewdidload.m"; sourceTree = "<group>"; };
		04F72A482092C47E00BF9395 /* RunloopViewController.h */ = {isa = PBXFileReference; lastKnownFileType = sourcecode.c.h; path = RunloopViewController.h; sourceTree = "<group>"; };
		04F72A492092C47E00BF9395 /* RunloopViewController.m */ = {isa = PBXFileReference; lastKnownFileType = sourcecode.c.objc; path = RunloopViewController.m; sourceTree = "<group>"; };
		11E8BBCF2939482AEE1E8519 /* Pods-TestDemo.release.xcconfig */ = {isa = PBXFileReference; includeInIndex = 1; lastKnownFileType = text.xcconfig; name = "Pods-TestDemo.release.xcconfig"; path = "Pods/Target Support Files/Pods-TestDemo/Pods-TestDemo.release.xcconfig"; sourceTree = "<group>"; };
		75AC9A9F141723CCAE10F14A /* libPods-TestDemo.a */ = {isa = PBXFileReference; explicitFileType = archive.ar; includeInIndex = 0; path = "libPods-TestDemo.a"; sourceTree = BUILT_PRODUCTS_DIR; };
		F4F2226B2F3CA6FDCE887C40 /* Pods-TestDemo.debug.xcconfig */ = {isa = PBXFileReference; includeInIndex = 1; lastKnownFileType = text.xcconfig; name = "Pods-TestDemo.debug.xcconfig"; path = "Pods/Target Support Files/Pods-TestDemo/Pods-TestDemo.debug.xcconfig"; sourceTree = "<group>"; };
/* End PBXFileReference section */

/* Begin PBXFrameworksBuildPhase section */
		042E81C1200D933700AB47AB /* Frameworks */ = {
			isa = PBXFrameworksBuildPhase;
			buildActionMask = 2147483647;
			files = (
				042E81FB200D969300AB47AB /* MediaPlayer.framework in Frameworks */,
				309A92F81F799A3E0A0E52CF /* libPods-TestDemo.a in Frameworks */,
			);
			runOnlyForDeploymentPostprocessing = 0;
		};
		042E81D9200D933700AB47AB /* Frameworks */ = {
			isa = PBXFrameworksBuildPhase;
			buildActionMask = 2147483647;
			files = (
			);
			runOnlyForDeploymentPostprocessing = 0;
		};
		042E81E4200D933700AB47AB /* Frameworks */ = {
			isa = PBXFrameworksBuildPhase;
			buildActionMask = 2147483647;
			files = (
			);
			runOnlyForDeploymentPostprocessing = 0;
		};
/* End PBXFrameworksBuildPhase section */

/* Begin PBXGroup section */
		042E81BB200D933700AB47AB = {
			isa = PBXGroup;
			children = (
				042E81C6200D933700AB47AB /* TestDemo */,
				042E81DF200D933700AB47AB /* TestDemoTests */,
				042E81EA200D933700AB47AB /* TestDemoUITests */,
				042E81C5200D933700AB47AB /* Products */,
				042E81F9200D969300AB47AB /* Frameworks */,
				63CC9FDA0BFD5B60D5BB039B /* Pods */,
			);
			sourceTree = "<group>";
		};
		042E81C5200D933700AB47AB /* Products */ = {
			isa = PBXGroup;
			children = (
				042E81C4200D933700AB47AB /* TestDemo.app */,
				042E81DC200D933700AB47AB /* TestDemoTests.xctest */,
				042E81E7200D933700AB47AB /* TestDemoUITests.xctest */,
			);
			name = Products;
			sourceTree = "<group>";
		};
		042E81C6200D933700AB47AB /* TestDemo */ = {
			isa = PBXGroup;
			children = (
				043FA85A20A98250004274B5 /* TestCellImage */,
				04F72A472092C46D00BF9395 /* RunLoop */,
				04E0EC27207CA76300D38A5D /* 事件传递 */,
				045588252079C7A80052D9B8 /* KVO、KVC实现原理 */,
				04C9FCC22078F99A00EE8DB6 /* MainVC */,
				04C9FCBE2078F8B800EE8DB6 /* HeightLevelCorner */,
				04C9FCB72078EE6100EE8DB6 /* ARCOrMRC */,
				04C00D6E2078D6F8000EA706 /* block作为参数和返回值以及指向指针的指针进行传值 */,
				042F63CA20763A49005A9EF7 /* GCD */,
				04489E5D206E406400F9300A /* BreakPointDownLoad */,
				04A6D35A206CF229005A531B /* NeedTableview */,
				04B92FDD206A287A00FECA45 /* SortAlgorithm */,
				04C55B352065085A00571715 /* Load+initialize */,
				04C55B2A2064F39A00571715 /* Config */,
				04C55B2B2064F3A900571715 /* Category */,
				04C55B292064F37600571715 /* PHAsset */,
				04C55B282064F32F00571715 /* MessageForwarding */,
			);
			path = TestDemo;
			sourceTree = "<group>";
		};
		042E81DF200D933700AB47AB /* TestDemoTests */ = {
			isa = PBXGroup;
			children = (
				042E81E0200D933700AB47AB /* TestDemoTests.m */,
				042E81E2200D933700AB47AB /* Info.plist */,
			);
			path = TestDemoTests;
			sourceTree = "<group>";
		};
		042E81EA200D933700AB47AB /* TestDemoUITests */ = {
			isa = PBXGroup;
			children = (
				042E81EB200D933700AB47AB /* TestDemoUITests.m */,
				042E81ED200D933700AB47AB /* Info.plist */,
			);
			path = TestDemoUITests;
			sourceTree = "<group>";
		};
		042E81F9200D969300AB47AB /* Frameworks */ = {
			isa = PBXGroup;
			children = (
				042E81FA200D969300AB47AB /* MediaPlayer.framework */,
				75AC9A9F141723CCAE10F14A /* libPods-TestDemo.a */,
			);
			name = Frameworks;
			sourceTree = "<group>";
		};
		042F63CA20763A49005A9EF7 /* GCD */ = {
			isa = PBXGroup;
			children = (
				042F63CB20764002005A9EF7 /* MultiThreads.h */,
				042F63CC20764002005A9EF7 /* MultiThreads.m */,
				04C00D752078E1FF000EA706 /* MultiThreadsViewController.h */,
				04C00D762078E1FF000EA706 /* MultiThreadsViewController.m */,
			);
			path = GCD;
			sourceTree = "<group>";
		};
		043FA85A20A98250004274B5 /* TestCellImage */ = {
			isa = PBXGroup;
			children = (
				043FA86120A984B7004274B5 /* 1.plist */,
				043FA85B20A98296004274B5 /* ImageCell.h */,
				043FA85C20A98296004274B5 /* ImageCell.m */,
				043FA85E20A98346004274B5 /* TestImageCellViewController.h */,
				043FA85F20A98346004274B5 /* TestImageCellViewController.m */,
				043FA86320A9853B004274B5 /* ImageModel.h */,
				043FA86420A9853B004274B5 /* ImageModel.m */,
			);
			path = TestCellImage;
			sourceTree = "<group>";
		};
		04489E5D206E406400F9300A /* BreakPointDownLoad */ = {
			isa = PBXGroup;
			children = (
				04489E5E206E420E00F9300A /* BreakPointDownLoad.h */,
				04489E5F206E420E00F9300A /* BreakPointDownLoad.m */,
			);
			path = BreakPointDownLoad;
			sourceTree = "<group>";
		};
		045588252079C7A80052D9B8 /* KVO、KVC实现原理 */ = {
			isa = PBXGroup;
			children = (
				045588262079C8200052D9B8 /* KVCKVOTheoryViewController.h */,
				045588272079C8200052D9B8 /* KVCKVOTheoryViewController.m */,
				0455882C2079CD200052D9B8 /* Stuff.h */,
				0455882D2079CD200052D9B8 /* Stuff.m */,
			);
			path = "KVO、KVC实现原理";
			sourceTree = "<group>";
		};
		04A6D35A206CF229005A531B /* NeedTableview */ = {
			isa = PBXGroup;
			children = (
				04A6D358206CF221005A531B /* EXLNeededTabeleView.h */,
				04A6D357206CF221005A531B /* EXLNeededTabeleView.m */,
			);
			path = NeedTableview;
			sourceTree = "<group>";
		};
		04B92FDD206A287A00FECA45 /* SortAlgorithm */ = {
			isa = PBXGroup;
			children = (
				04B92FDE206A28B200FECA45 /* SortAlgorithm.h */,
				04B92FDF206A28B200FECA45 /* SortAlgorithm.m */,
				04C00D782078E21D000EA706 /* SortAlgorithmViewController.h */,
				04C00D792078E21D000EA706 /* SortAlgorithmViewController.m */,
				04BB141020AD95E00070A57D /* SortAlgorithm.cpp */,
			);
			path = SortAlgorithm;
			sourceTree = "<group>";
		};
		04C00D6E2078D6F8000EA706 /* block作为参数和返回值以及指向指针的指针进行传值 */ = {
			isa = PBXGroup;
			children = (
				04C00D6F2078D745000EA706 /* BlockAndPointer.h */,
				04C00D702078D745000EA706 /* BlockAndPointer.m */,
				04C00D722078E1EE000EA706 /* BlockAndPointerViewController.h */,
				04C00D732078E1EE000EA706 /* BlockAndPointerViewController.m */,
			);
			path = "block作为参数和返回值以及指向指针的指针进行传值";
			sourceTree = "<group>";
		};
		04C55B282064F32F00571715 /* MessageForwarding */ = {
			isa = PBXGroup;
			children = (
				04C55B1F2064E85A00571715 /* Person.h */,
				04C55B202064E85A00571715 /* Person.m */,
				04C55B222064ED9900571715 /* Bird.h */,
				04C55B232064ED9900571715 /* Bird.m */,
				04C55B252064EDB700571715 /* Monkey.h */,
				04C55B262064EDB700571715 /* Monkey.m */,
			);
			path = MessageForwarding;
			sourceTree = "<group>";
		};
		04C55B292064F37600571715 /* PHAsset */ = {
			isa = PBXGroup;
			children = (
				042E81CA200D933700AB47AB /* PhotoViewController.h */,
				042E81CB200D933700AB47AB /* PhotoViewController.m */,
				04A4E67920186D78000F6370 /* AssetViewController.h */,
				04A4E67A20186D78000F6370 /* AssetViewController.m */,
				04A4E67C20186EDD000F6370 /* AssetCell.h */,
				04A4E67D20186EDD000F6370 /* AssetCell.m */,
				04A4E67F2018A34F000F6370 /* AssetImageManager.h */,
				04A4E6802018A34F000F6370 /* AssetImageManager.m */,
				04A4E68220196C63000F6370 /* AssetModel.h */,
				04A4E68320196C63000F6370 /* AssetModel.m */,
				04A4E6852019C3B6000F6370 /* PreviewViewController.h */,
				04A4E6862019C3B6000F6370 /* PreviewViewController.m */,
				042C1764201EC7EB006D1539 /* ItemCell.h */,
				042C1765201EC7EB006D1539 /* ItemCell.m */,
			);
			path = PHAsset;
			sourceTree = "<group>";
		};
		04C55B2A2064F39A00571715 /* Config */ = {
			isa = PBXGroup;
			children = (
				042E81C7200D933700AB47AB /* AppDelegate.h */,
				042E81C8200D933700AB47AB /* AppDelegate.m */,
				042E81D0200D933700AB47AB /* Assets.xcassets */,
				042E81D5200D933700AB47AB /* Info.plist */,
				042E81D6200D933700AB47AB /* main.m */,
				04A6D35E206CF887005A531B /* PrefixHeader.pch */,
			);
			path = Config;
			sourceTree = "<group>";
		};
		04C55B2B2064F3A900571715 /* Category */ = {
			isa = PBXGroup;
			children = (
				045158872011D2F7001E37C8 /* UIView+ClipView.h */,
				045158882011D2F7001E37C8 /* UIView+ClipView.m */,
				04F325402052DBCF00BB884B /* UIViewController+viewdidload.h */,
				04F325412052DBCF00BB884B /* UIViewController+viewdidload.m */,
				0406C5CE20565F9D00C91098 /* UIImage+ClipVIew.h */,
				0406C5CF20565F9D00C91098 /* UIImage+ClipVIew.m */,
				04A6D35B206CF85C005A531B /* UIView+Addition.h */,
				04A6D35C206CF85C005A531B /* UIView+Addition.m */,
			);
			path = Category;
			sourceTree = "<group>";
		};
		04C55B352065085A00571715 /* Load+initialize */ = {
			isa = PBXGroup;
			children = (
				04C55B362065096800571715 /* Father.h */,
				04C55B372065096800571715 /* Father.m */,
				04C55B3920650A9300571715 /* Son.h */,
				04C55B3A20650A9300571715 /* Son.m */,
				04C55B3C20650B6400571715 /* Father+category.h */,
				04C55B3D20650B6400571715 /* Father+category.m */,
				04C55B3F20650C6800571715 /* Son+category.h */,
				04C55B4020650C6800571715 /* Son+category.m */,
			);
			path = "Load+initialize";
			sourceTree = "<group>";
		};
		04C9FCB72078EE6100EE8DB6 /* ARCOrMRC */ = {
			isa = PBXGroup;
			children = (
				04C9FCBB2078F84A00EE8DB6 /* ARCAndMRCViewController.h */,
				04C9FCBC2078F84A00EE8DB6 /* ARCAndMRCViewController.m */,
			);
			path = ARCOrMRC;
			sourceTree = "<group>";
		};
		04C9FCBE2078F8B800EE8DB6 /* HeightLevelCorner */ = {
			isa = PBXGroup;
			children = (
				04C9FCBF2078F8DA00EE8DB6 /* HeightLevelCornerViewController.h */,
				04C9FCC02078F8DA00EE8DB6 /* HeightLevelCornerViewController.m */,
				040C940E209C747D00A40C22 /* UIImage+CutImage.h */,
				040C940F209C747D00A40C22 /* UIImage+CutImage.m */,
			);
			path = HeightLevelCorner;
			sourceTree = "<group>";
		};
		04C9FCC22078F99A00EE8DB6 /* MainVC */ = {
			isa = PBXGroup;
			children = (
				04C9FCC32078F9A900EE8DB6 /* MainViewController.h */,
				04C9FCC42078F9A900EE8DB6 /* MainViewController.m */,
				04C9FCC62078FACD00EE8DB6 /* MainModel.h */,
				04C9FCC72078FACD00EE8DB6 /* MainModel.m */,
			);
			path = MainVC;
			sourceTree = "<group>";
		};
		04E0EC27207CA76300D38A5D /* 事件传递 */ = {
			isa = PBXGroup;
			children = (
				04E0EC28207CA77D00D38A5D /* TouchViewController.h */,
				04E0EC29207CA77D00D38A5D /* TouchViewController.m */,
				04E0EC2B207CA87300D38A5D /* CustomView.h */,
				04E0EC2C207CA87300D38A5D /* CustomView.m */,
				04E0EC2E207CAC9E00D38A5D /* SubView.h */,
				04E0EC2F207CAC9E00D38A5D /* SubView.m */,
			);
			path = "事件传递";
			sourceTree = "<group>";
		};
		04F72A472092C46D00BF9395 /* RunLoop */ = {
			isa = PBXGroup;
			children = (
				04F72A482092C47E00BF9395 /* RunloopViewController.h */,
				04F72A492092C47E00BF9395 /* RunloopViewController.m */,
			);
			path = RunLoop;
			sourceTree = "<group>";
		};
		63CC9FDA0BFD5B60D5BB039B /* Pods */ = {
			isa = PBXGroup;
			children = (
				F4F2226B2F3CA6FDCE887C40 /* Pods-TestDemo.debug.xcconfig */,
				11E8BBCF2939482AEE1E8519 /* Pods-TestDemo.release.xcconfig */,
			);
			name = Pods;
			sourceTree = "<group>";
		};
/* End PBXGroup section */

/* Begin PBXNativeTarget section */
		042E81C3200D933700AB47AB /* TestDemo */ = {
			isa = PBXNativeTarget;
			buildConfigurationList = 042E81F0200D933700AB47AB /* Build configuration list for PBXNativeTarget "TestDemo" */;
			buildPhases = (
				332127A121CC5DA597A2F21F /* [CP] Check Pods Manifest.lock */,
				042E81C0200D933700AB47AB /* Sources */,
				042E81C1200D933700AB47AB /* Frameworks */,
				042E81C2200D933700AB47AB /* Resources */,
				FAAD46A7451C9B4AA0E552BF /* [CP] Embed Pods Frameworks */,
				4F78B433140E4F9D228FC2F4 /* [CP] Copy Pods Resources */,
			);
			buildRules = (
			);
			dependencies = (
			);
			name = TestDemo;
			productName = TestDemo;
			productReference = 042E81C4200D933700AB47AB /* TestDemo.app */;
			productType = "com.apple.product-type.application";
		};
		042E81DB200D933700AB47AB /* TestDemoTests */ = {
			isa = PBXNativeTarget;
			buildConfigurationList = 042E81F3200D933700AB47AB /* Build configuration list for PBXNativeTarget "TestDemoTests" */;
			buildPhases = (
				042E81D8200D933700AB47AB /* Sources */,
				042E81D9200D933700AB47AB /* Frameworks */,
				042E81DA200D933700AB47AB /* Resources */,
			);
			buildRules = (
			);
			dependencies = (
				042E81DE200D933700AB47AB /* PBXTargetDependency */,
			);
			name = TestDemoTests;
			productName = TestDemoTests;
			productReference = 042E81DC200D933700AB47AB /* TestDemoTests.xctest */;
			productType = "com.apple.product-type.bundle.unit-test";
		};
		042E81E6200D933700AB47AB /* TestDemoUITests */ = {
			isa = PBXNativeTarget;
			buildConfigurationList = 042E81F6200D933700AB47AB /* Build configuration list for PBXNativeTarget "TestDemoUITests" */;
			buildPhases = (
				042E81E3200D933700AB47AB /* Sources */,
				042E81E4200D933700AB47AB /* Frameworks */,
				042E81E5200D933700AB47AB /* Resources */,
			);
			buildRules = (
			);
			dependencies = (
				042E81E9200D933700AB47AB /* PBXTargetDependency */,
			);
			name = TestDemoUITests;
			productName = TestDemoUITests;
			productReference = 042E81E7200D933700AB47AB /* TestDemoUITests.xctest */;
			productType = "com.apple.product-type.bundle.ui-testing";
		};
/* End PBXNativeTarget section */

/* Begin PBXProject section */
		042E81BC200D933700AB47AB /* Project object */ = {
			isa = PBXProject;
			attributes = {
				LastUpgradeCheck = 0930;
				ORGANIZATIONNAME = Jack;
				TargetAttributes = {
					042E81C3200D933700AB47AB = {
						CreatedOnToolsVersion = 9.2;
						ProvisioningStyle = Automatic;
					};
					042E81DB200D933700AB47AB = {
						CreatedOnToolsVersion = 9.2;
						ProvisioningStyle = Automatic;
						TestTargetID = 042E81C3200D933700AB47AB;
					};
					042E81E6200D933700AB47AB = {
						CreatedOnToolsVersion = 9.2;
						ProvisioningStyle = Automatic;
						TestTargetID = 042E81C3200D933700AB47AB;
					};
				};
			};
			buildConfigurationList = 042E81BF200D933700AB47AB /* Build configuration list for PBXProject "TestDemo" */;
			compatibilityVersion = "Xcode 8.0";
			developmentRegion = en;
			hasScannedForEncodings = 0;
			knownRegions = (
				en,
				Base,
			);
			mainGroup = 042E81BB200D933700AB47AB;
			productRefGroup = 042E81C5200D933700AB47AB /* Products */;
			projectDirPath = "";
			projectRoot = "";
			targets = (
				042E81C3200D933700AB47AB /* TestDemo */,
				042E81DB200D933700AB47AB /* TestDemoTests */,
				042E81E6200D933700AB47AB /* TestDemoUITests */,
			);
		};
/* End PBXProject section */

/* Begin PBXResourcesBuildPhase section */
		042E81C2200D933700AB47AB /* Resources */ = {
			isa = PBXResourcesBuildPhase;
			buildActionMask = 2147483647;
			files = (
				043FA86220A984B7004274B5 /* 1.plist in Resources */,
				042E81D1200D933700AB47AB /* Assets.xcassets in Resources */,
			);
			runOnlyForDeploymentPostprocessing = 0;
		};
		042E81DA200D933700AB47AB /* Resources */ = {
			isa = PBXResourcesBuildPhase;
			buildActionMask = 2147483647;
			files = (
			);
			runOnlyForDeploymentPostprocessing = 0;
		};
		042E81E5200D933700AB47AB /* Resources */ = {
			isa = PBXResourcesBuildPhase;
			buildActionMask = 2147483647;
			files = (
			);
			runOnlyForDeploymentPostprocessing = 0;
		};
/* End PBXResourcesBuildPhase section */

/* Begin PBXShellScriptBuildPhase section */
		332127A121CC5DA597A2F21F /* [CP] Check Pods Manifest.lock */ = {
			isa = PBXShellScriptBuildPhase;
			buildActionMask = 2147483647;
			files = (
			);
			inputPaths = (
				"${PODS_PODFILE_DIR_PATH}/Podfile.lock",
				"${PODS_ROOT}/Manifest.lock",
			);
			name = "[CP] Check Pods Manifest.lock";
			outputPaths = (
				"$(DERIVED_FILE_DIR)/Pods-TestDemo-checkManifestLockResult.txt",
			);
			runOnlyForDeploymentPostprocessing = 0;
			shellPath = /bin/sh;
			shellScript = "diff \"${PODS_PODFILE_DIR_PATH}/Podfile.lock\" \"${PODS_ROOT}/Manifest.lock\" > /dev/null\nif [ $? != 0 ] ; then\n    # print error to STDERR\n    echo \"error: The sandbox is not in sync with the Podfile.lock. Run 'pod install' or update your CocoaPods installation.\" >&2\n    exit 1\nfi\n# This output is used by Xcode 'outputs' to avoid re-running this script phase.\necho \"SUCCESS\" > \"${SCRIPT_OUTPUT_FILE_0}\"\n";
			showEnvVarsInLog = 0;
		};
		4F78B433140E4F9D228FC2F4 /* [CP] Copy Pods Resources */ = {
			isa = PBXShellScriptBuildPhase;
			buildActionMask = 2147483647;
			files = (
			);
			inputPaths = (
			);
			name = "[CP] Copy Pods Resources";
			outputPaths = (
			);
			runOnlyForDeploymentPostprocessing = 0;
			shellPath = /bin/sh;
			shellScript = "\"${SRCROOT}/Pods/Target Support Files/Pods-TestDemo/Pods-TestDemo-resources.sh\"\n";
			showEnvVarsInLog = 0;
		};
		FAAD46A7451C9B4AA0E552BF /* [CP] Embed Pods Frameworks */ = {
			isa = PBXShellScriptBuildPhase;
			buildActionMask = 2147483647;
			files = (
			);
			inputPaths = (
			);
			name = "[CP] Embed Pods Frameworks";
			outputPaths = (
			);
			runOnlyForDeploymentPostprocessing = 0;
			shellPath = /bin/sh;
			shellScript = "\"${SRCROOT}/Pods/Target Support Files/Pods-TestDemo/Pods-TestDemo-frameworks.sh\"\n";
			showEnvVarsInLog = 0;
		};
/* End PBXShellScriptBuildPhase section */

/* Begin PBXSourcesBuildPhase section */
		042E81C0200D933700AB47AB /* Sources */ = {
			isa = PBXSourcesBuildPhase;
			buildActionMask = 2147483647;
			files = (
				04C00D772078E1FF000EA706 /* MultiThreadsViewController.m in Sources */,
				043FA85D20A98296004274B5 /* ImageCell.m in Sources */,
				04A6D35D206CF85C005A531B /* UIView+Addition.m in Sources */,
				04C55B272064EDB700571715 /* Monkey.m in Sources */,
				0406C5D020565F9D00C91098 /* UIImage+ClipVIew.m in Sources */,
				04C00D712078D745000EA706 /* BlockAndPointer.m in Sources */,
				04E0EC2D207CA87300D38A5D /* CustomView.m in Sources */,
				04C55B3B20650A9300571715 /* Son.m in Sources */,
				04C00D7A2078E21D000EA706 /* SortAlgorithmViewController.m in Sources */,
				043FA86520A9853B004274B5 /* ImageModel.m in Sources */,
				04A6D359206CF222005A531B /* EXLNeededTabeleView.m in Sources */,
				040C9410209C747D00A40C22 /* UIImage+CutImage.m in Sources */,
				042C1766201EC7EB006D1539 /* ItemCell.m in Sources */,
				04A4E68420196C63000F6370 /* AssetModel.m in Sources */,
				04A4E6812018A34F000F6370 /* AssetImageManager.m in Sources */,
				04A4E67E20186EDD000F6370 /* AssetCell.m in Sources */,
				04C55B3E20650B6400571715 /* Father+category.m in Sources */,
				04F325422052DBD000BB884B /* UIViewController+viewdidload.m in Sources */,
				04489E60206E420E00F9300A /* BreakPointDownLoad.m in Sources */,
				04B92FE0206A28B200FECA45 /* SortAlgorithm.m in Sources */,
				04E0EC2A207CA77D00D38A5D /* TouchViewController.m in Sources */,
				042E81CC200D933700AB47AB /* PhotoViewController.m in Sources */,
				042E81D7200D933700AB47AB /* main.m in Sources */,
				042F63CD20764002005A9EF7 /* MultiThreads.m in Sources */,
				04C55B4120650C6800571715 /* Son+category.m in Sources */,
				04F72A4A2092C47E00BF9395 /* RunloopViewController.m in Sources */,
				04A4E6872019C3B6000F6370 /* PreviewViewController.m in Sources */,
				04C9FCBD2078F84A00EE8DB6 /* ARCAndMRCViewController.m in Sources */,
				045588282079C8200052D9B8 /* KVCKVOTheoryViewController.m in Sources */,
				04C55B212064E85A00571715 /* Person.m in Sources */,
				04BB141120AD95E00070A57D /* SortAlgorithm.cpp in Sources */,
				04E0EC30207CAC9E00D38A5D /* SubView.m in Sources */,
				04C9FCC52078F9A900EE8DB6 /* MainViewController.m in Sources */,
				04C55B242064ED9900571715 /* Bird.m in Sources */,
				04A4E67B20186D78000F6370 /* AssetViewController.m in Sources */,
				04C00D742078E1EE000EA706 /* BlockAndPointerViewController.m in Sources */,
				04C55B382065096800571715 /* Father.m in Sources */,
				04C9FCC82078FACD00EE8DB6 /* MainModel.m in Sources */,
				0455882E2079CD200052D9B8 /* Stuff.m in Sources */,
				042E81C9200D933700AB47AB /* AppDelegate.m in Sources */,
				045158892011D2F7001E37C8 /* UIView+ClipView.m in Sources */,
				04C9FCC12078F8DA00EE8DB6 /* HeightLevelCornerViewController.m in Sources */,
				043FA86020A98346004274B5 /* TestImageCellViewController.m in Sources */,
			);
			runOnlyForDeploymentPostprocessing = 0;
		};
		042E81D8200D933700AB47AB /* Sources */ = {
			isa = PBXSourcesBuildPhase;
			buildActionMask = 2147483647;
			files = (
				042E81E1200D933700AB47AB /* TestDemoTests.m in Sources */,
			);
			runOnlyForDeploymentPostprocessing = 0;
		};
		042E81E3200D933700AB47AB /* Sources */ = {
			isa = PBXSourcesBuildPhase;
			buildActionMask = 2147483647;
			files = (
				042E81EC200D933700AB47AB /* TestDemoUITests.m in Sources */,
			);
			runOnlyForDeploymentPostprocessing = 0;
		};
/* End PBXSourcesBuildPhase section */

/* Begin PBXTargetDependency section */
		042E81DE200D933700AB47AB /* PBXTargetDependency */ = {
			isa = PBXTargetDependency;
			target = 042E81C3200D933700AB47AB /* TestDemo */;
			targetProxy = 042E81DD200D933700AB47AB /* PBXContainerItemProxy */;
		};
		042E81E9200D933700AB47AB /* PBXTargetDependency */ = {
			isa = PBXTargetDependency;
			target = 042E81C3200D933700AB47AB /* TestDemo */;
			targetProxy = 042E81E8200D933700AB47AB /* PBXContainerItemProxy */;
		};
/* End PBXTargetDependency section */

/* Begin XCBuildConfiguration section */
		042E81EE200D933700AB47AB /* Debug */ = {
			isa = XCBuildConfiguration;
			buildSettings = {
				ALWAYS_SEARCH_USER_PATHS = NO;
				CLANG_ANALYZER_NONNULL = YES;
				CLANG_ANALYZER_NUMBER_OBJECT_CONVERSION = YES_AGGRESSIVE;
				CLANG_CXX_LANGUAGE_STANDARD = "gnu++14";
				CLANG_CXX_LIBRARY = "libc++";
				CLANG_ENABLE_MODULES = YES;
				CLANG_ENABLE_OBJC_ARC = YES;
				CLANG_WARN_BLOCK_CAPTURE_AUTORELEASING = YES;
				CLANG_WARN_BOOL_CONVERSION = YES;
				CLANG_WARN_COMMA = YES;
				CLANG_WARN_CONSTANT_CONVERSION = YES;
				CLANG_WARN_DEPRECATED_OBJC_IMPLEMENTATIONS = YES;
				CLANG_WARN_DIRECT_OBJC_ISA_USAGE = YES_ERROR;
				CLANG_WARN_DOCUMENTATION_COMMENTS = YES;
				CLANG_WARN_EMPTY_BODY = YES;
				CLANG_WARN_ENUM_CONVERSION = YES;
				CLANG_WARN_INFINITE_RECURSION = YES;
				CLANG_WARN_INT_CONVERSION = YES;
				CLANG_WARN_NON_LITERAL_NULL_CONVERSION = YES;
				CLANG_WARN_OBJC_IMPLICIT_RETAIN_SELF = YES;
				CLANG_WARN_OBJC_LITERAL_CONVERSION = YES;
				CLANG_WARN_OBJC_ROOT_CLASS = YES_ERROR;
				CLANG_WARN_RANGE_LOOP_ANALYSIS = YES;
				CLANG_WARN_STRICT_PROTOTYPES = YES;
				CLANG_WARN_SUSPICIOUS_MOVE = YES;
				CLANG_WARN_UNGUARDED_AVAILABILITY = YES_AGGRESSIVE;
				CLANG_WARN_UNREACHABLE_CODE = YES;
				CLANG_WARN__DUPLICATE_METHOD_MATCH = YES;
				CODE_SIGN_IDENTITY = "iPhone Developer";
				COPY_PHASE_STRIP = NO;
				DEBUG_INFORMATION_FORMAT = dwarf;
				ENABLE_STRICT_OBJC_MSGSEND = YES;
				ENABLE_TESTABILITY = YES;
				GCC_C_LANGUAGE_STANDARD = gnu11;
				GCC_DYNAMIC_NO_PIC = NO;
				GCC_NO_COMMON_BLOCKS = YES;
				GCC_OPTIMIZATION_LEVEL = 0;
				GCC_PREPROCESSOR_DEFINITIONS = (
					"DEBUG=1",
					"$(inherited)",
				);
				GCC_WARN_64_TO_32_BIT_CONVERSION = YES;
				GCC_WARN_ABOUT_RETURN_TYPE = YES_ERROR;
				GCC_WARN_UNDECLARED_SELECTOR = YES;
				GCC_WARN_UNINITIALIZED_AUTOS = YES_AGGRESSIVE;
				GCC_WARN_UNUSED_FUNCTION = YES;
				GCC_WARN_UNUSED_VARIABLE = YES;
				IPHONEOS_DEPLOYMENT_TARGET = 11.2;
				MTL_ENABLE_DEBUG_INFO = YES;
				ONLY_ACTIVE_ARCH = YES;
				SDKROOT = iphoneos;
			};
			name = Debug;
		};
		042E81EF200D933700AB47AB /* Release */ = {
			isa = XCBuildConfiguration;
			buildSettings = {
				ALWAYS_SEARCH_USER_PATHS = NO;
				CLANG_ANALYZER_NONNULL = YES;
				CLANG_ANALYZER_NUMBER_OBJECT_CONVERSION = YES_AGGRESSIVE;
				CLANG_CXX_LANGUAGE_STANDARD = "gnu++14";
				CLANG_CXX_LIBRARY = "libc++";
				CLANG_ENABLE_MODULES = YES;
				CLANG_ENABLE_OBJC_ARC = YES;
				CLANG_WARN_BLOCK_CAPTURE_AUTORELEASING = YES;
				CLANG_WARN_BOOL_CONVERSION = YES;
				CLANG_WARN_COMMA = YES;
				CLANG_WARN_CONSTANT_CONVERSION = YES;
				CLANG_WARN_DEPRECATED_OBJC_IMPLEMENTATIONS = YES;
				CLANG_WARN_DIRECT_OBJC_ISA_USAGE = YES_ERROR;
				CLANG_WARN_DOCUMENTATION_COMMENTS = YES;
				CLANG_WARN_EMPTY_BODY = YES;
				CLANG_WARN_ENUM_CONVERSION = YES;
				CLANG_WARN_INFINITE_RECURSION = YES;
				CLANG_WARN_INT_CONVERSION = YES;
				CLANG_WARN_NON_LITERAL_NULL_CONVERSION = YES;
				CLANG_WARN_OBJC_IMPLICIT_RETAIN_SELF = YES;
				CLANG_WARN_OBJC_LITERAL_CONVERSION = YES;
				CLANG_WARN_OBJC_ROOT_CLASS = YES_ERROR;
				CLANG_WARN_RANGE_LOOP_ANALYSIS = YES;
				CLANG_WARN_STRICT_PROTOTYPES = YES;
				CLANG_WARN_SUSPICIOUS_MOVE = YES;
				CLANG_WARN_UNGUARDED_AVAILABILITY = YES_AGGRESSIVE;
				CLANG_WARN_UNREACHABLE_CODE = YES;
				CLANG_WARN__DUPLICATE_METHOD_MATCH = YES;
				CODE_SIGN_IDENTITY = "iPhone Developer";
				COPY_PHASE_STRIP = NO;
				DEBUG_INFORMATION_FORMAT = "dwarf-with-dsym";
				ENABLE_NS_ASSERTIONS = NO;
				ENABLE_STRICT_OBJC_MSGSEND = YES;
				GCC_C_LANGUAGE_STANDARD = gnu11;
				GCC_NO_COMMON_BLOCKS = YES;
				GCC_WARN_64_TO_32_BIT_CONVERSION = YES;
				GCC_WARN_ABOUT_RETURN_TYPE = YES_ERROR;
				GCC_WARN_UNDECLARED_SELECTOR = YES;
				GCC_WARN_UNINITIALIZED_AUTOS = YES_AGGRESSIVE;
				GCC_WARN_UNUSED_FUNCTION = YES;
				GCC_WARN_UNUSED_VARIABLE = YES;
				IPHONEOS_DEPLOYMENT_TARGET = 11.2;
				MTL_ENABLE_DEBUG_INFO = NO;
				SDKROOT = iphoneos;
				VALIDATE_PRODUCT = YES;
			};
			name = Release;
		};
		042E81F1200D933700AB47AB /* Debug */ = {
			isa = XCBuildConfiguration;
			baseConfigurationReference = F4F2226B2F3CA6FDCE887C40 /* Pods-TestDemo.debug.xcconfig */;
			buildSettings = {
				ASSETCATALOG_COMPILER_APPICON_NAME = AppIcon;
				ASSETCATALOG_COMPILER_LAUNCHIMAGE_NAME = LaunchImage;
				CODE_SIGN_STYLE = Automatic;
				DEVELOPMENT_TEAM = 5G6EP3AMGZ;
				ENABLE_STRICT_OBJC_MSGSEND = YES;
				GCC_PREFIX_HEADER = /Users/jack/Desktop/TestDemo/TestDemo/Config/PrefixHeader.pch;
				INFOPLIST_FILE = TestDemo/config/Info.plist;
				IPHONEOS_DEPLOYMENT_TARGET = 8.0;
				LD_RUNPATH_SEARCH_PATHS = "$(inherited) @executable_path/Frameworks";
				OTHER_LDFLAGS = (
					"$(inherited)",
					"-ObjC",
					"-l\"Masonry\"",
					"-framework",
					"\"Foundation\"",
					"-framework",
					"\"UIKit\"",
					"-w",
				);
				PRODUCT_BUNDLE_IDENTIFIER = com.test.www.TestDemo;
				PRODUCT_NAME = "$(TARGET_NAME)";
				TARGETED_DEVICE_FAMILY = 1;
			};
			name = Debug;
		};
		042E81F2200D933700AB47AB /* Release */ = {
			isa = XCBuildConfiguration;
			baseConfigurationReference = 11E8BBCF2939482AEE1E8519 /* Pods-TestDemo.release.xcconfig */;
			buildSettings = {
				ASSETCATALOG_COMPILER_APPICON_NAME = AppIcon;
				ASSETCATALOG_COMPILER_LAUNCHIMAGE_NAME = LaunchImage;
				CODE_SIGN_STYLE = Automatic;
				DEVELOPMENT_TEAM = 5G6EP3AMGZ;
				ENABLE_STRICT_OBJC_MSGSEND = YES;
				GCC_PREFIX_HEADER = /Users/jack/Desktop/TestDemo/TestDemo/Config/PrefixHeader.pch;
				INFOPLIST_FILE = TestDemo/config/Info.plist;
				IPHONEOS_DEPLOYMENT_TARGET = 8.0;
				LD_RUNPATH_SEARCH_PATHS = "$(inherited) @executable_path/Frameworks";
				OTHER_LDFLAGS = (
					"$(inherited)",
					"-ObjC",
					"-l\"Masonry\"",
					"-framework",
					"\"Foundation\"",
					"-framework",
					"\"UIKit\"",
					"-w",
				);
				PRODUCT_BUNDLE_IDENTIFIER = com.test.www.TestDemo;
				PRODUCT_NAME = "$(TARGET_NAME)";
				TARGETED_DEVICE_FAMILY = 1;
			};
			name = Release;
		};
		042E81F4200D933700AB47AB /* Debug */ = {
			isa = XCBuildConfiguration;
			buildSettings = {
				BUNDLE_LOADER = "$(TEST_HOST)";
				CODE_SIGN_STYLE = Automatic;
				INFOPLIST_FILE = TestDemoTests/Info.plist;
				LD_RUNPATH_SEARCH_PATHS = "$(inherited) @executable_path/Frameworks @loader_path/Frameworks";
				PRODUCT_BUNDLE_IDENTIFIER = com.test.www.TestDemoTests;
				PRODUCT_NAME = "$(TARGET_NAME)";
				TARGETED_DEVICE_FAMILY = "1,2";
				TEST_HOST = "$(BUILT_PRODUCTS_DIR)/TestDemo.app/TestDemo";
			};
			name = Debug;
		};
		042E81F5200D933700AB47AB /* Release */ = {
			isa = XCBuildConfiguration;
			buildSettings = {
				BUNDLE_LOADER = "$(TEST_HOST)";
				CODE_SIGN_STYLE = Automatic;
				INFOPLIST_FILE = TestDemoTests/Info.plist;
				LD_RUNPATH_SEARCH_PATHS = "$(inherited) @executable_path/Frameworks @loader_path/Frameworks";
				PRODUCT_BUNDLE_IDENTIFIER = com.test.www.TestDemoTests;
				PRODUCT_NAME = "$(TARGET_NAME)";
				TARGETED_DEVICE_FAMILY = "1,2";
				TEST_HOST = "$(BUILT_PRODUCTS_DIR)/TestDemo.app/TestDemo";
			};
			name = Release;
		};
		042E81F7200D933700AB47AB /* Debug */ = {
			isa = XCBuildConfiguration;
			buildSettings = {
				CODE_SIGN_STYLE = Automatic;
				INFOPLIST_FILE = TestDemoUITests/Info.plist;
				LD_RUNPATH_SEARCH_PATHS = "$(inherited) @executable_path/Frameworks @loader_path/Frameworks";
				PRODUCT_BUNDLE_IDENTIFIER = com.test.www.TestDemoUITests;
				PRODUCT_NAME = "$(TARGET_NAME)";
				TARGETED_DEVICE_FAMILY = "1,2";
				TEST_TARGET_NAME = TestDemo;
			};
			name = Debug;
		};
		042E81F8200D933700AB47AB /* Release */ = {
			isa = XCBuildConfiguration;
			buildSettings = {
				CODE_SIGN_STYLE = Automatic;
				INFOPLIST_FILE = TestDemoUITests/Info.plist;
				LD_RUNPATH_SEARCH_PATHS = "$(inherited) @executable_path/Frameworks @loader_path/Frameworks";
				PRODUCT_BUNDLE_IDENTIFIER = com.test.www.TestDemoUITests;
				PRODUCT_NAME = "$(TARGET_NAME)";
				TARGETED_DEVICE_FAMILY = "1,2";
				TEST_TARGET_NAME = TestDemo;
			};
			name = Release;
		};
/* End XCBuildConfiguration section */

/* Begin XCConfigurationList section */
		042E81BF200D933700AB47AB /* Build configuration list for PBXProject "TestDemo" */ = {
			isa = XCConfigurationList;
			buildConfigurations = (
				042E81EE200D933700AB47AB /* Debug */,
				042E81EF200D933700AB47AB /* Release */,
			);
			defaultConfigurationIsVisible = 0;
			defaultConfigurationName = Release;
		};
		042E81F0200D933700AB47AB /* Build configuration list for PBXNativeTarget "TestDemo" */ = {
			isa = XCConfigurationList;
			buildConfigurations = (
				042E81F1200D933700AB47AB /* Debug */,
				042E81F2200D933700AB47AB /* Release */,
			);
			defaultConfigurationIsVisible = 0;
			defaultConfigurationName = Release;
		};
		042E81F3200D933700AB47AB /* Build configuration list for PBXNativeTarget "TestDemoTests" */ = {
			isa = XCConfigurationList;
			buildConfigurations = (
				042E81F4200D933700AB47AB /* Debug */,
				042E81F5200D933700AB47AB /* Release */,
			);
			defaultConfigurationIsVisible = 0;
			defaultConfigurationName = Release;
		};
		042E81F6200D933700AB47AB /* Build configuration list for PBXNativeTarget "TestDemoUITests" */ = {
			isa = XCConfigurationList;
			buildConfigurations = (
				042E81F7200D933700AB47AB /* Debug */,
				042E81F8200D933700AB47AB /* Release */,
			);
			defaultConfigurationIsVisible = 0;
			defaultConfigurationName = Release;
		};
/* End XCConfigurationList section */
	};
	rootObject = 042E81BC200D933700AB47AB /* Project object */;
}
